# This file is automatically @generated by Wally.
# It is not intended for manual editing.
registry = "test"

[[package]]
name = "chabba100/zone"
version = "5.0.6"
dependencies = []

[[package]]
name = "co/project-101"
version = "0.1.0"
dependencies = [
	["maid", "flamenco687/maid@3.2.2"],
	["promise", "evaera/promise@4.0.0"],
	["zone", "chabba100/zone@5.0.6"],
]

[[package]]
name = "evaera/promise"
version = "4.0.0"
dependencies = []

[[package]]
name = "flamenco687/maid"
version = "3.2.2"
dependencies = []

